
Microsoft Visual Studio Solution File, Format Version 12.00
# Visual Studio Version 17
VisualStudioVersion = 17.0.31903.59
MinimumVisualStudioVersion = 10.0.40219.1
Project("{FAE04EC0-301F-11D3-BF4B-00C04F79EFBC}") = "Reelity.Core.Infrastructure.Build", "Reelity.Core.Infrastructure.Build\Reelity.Core.Infrastructure.Build.csproj", "{990A6AD9-B152-4A09-AFAE-2BF7332E799A}"
EndProject
Global
	GlobalSection(SolutionConfigurationPlatforms) = preSolution
		Debug|Any CPU = Debug|Any CPU
		Release|Any CPU = Release|Any CPU
	EndGlobalSection
	GlobalSection(ProjectConfigurationPlatforms) = postSolution
		{990A6AD9-B152-4A09-AFAE-2BF7332E799A}.Debug|Any CPU.ActiveCfg = Debug|Any CPU
		{990A6AD9-B152-4A09-AFAE-2BF7332E799A}.Debug|Any CPU.Build.0 = Debug|Any CPU
		{990A6AD9-B152-4A09-AFAE-2BF7332E799A}.Release|Any CPU.ActiveCfg = Release|Any CPU
		{990A6AD9-B152-4A09-AFAE-2BF7332E799A}.Release|Any CPU.Build.0 = Release|Any CPU
	EndGlobalSection
	GlobalSection(SolutionProperties) = preSolution
		HideSolutionNode = FALSE
	EndGlobalSection
	GlobalSection(ExtensibilityGlobals) = postSolution
		SolutionGuid = {76D93504-D874-4A6B-8138-6F17B4409C72}
	EndGlobalSection
EndGlobal
